
Microsoft Visual Studio Solution File, Format Version 12.00
# Visual Studio Version 17
VisualStudioVersion = 17.4.33205.214
MinimumVisualStudioVersion = 10.0.40219.1
Project("{FAE04EC0-301F-11D3-BF4B-00C04F79EFBC}") = "ConsoleApp1", "ConsoleApp1\ConsoleApp1.csproj", "{DC87AACC-B488-4F4B-96C7-41D48ACA0EDC}"
EndProject
Project("{FAE04EC0-301F-11D3-BF4B-00C04F79EFBC}") = "ClassLibrary1", "ClassLibrary1\ClassLibrary1.csproj", "{22638200-6D0D-4C5B-87C4-16D939F6A10D}"
EndProject
Global
	GlobalSection(SolutionConfigurationPlatforms) = preSolution
		Debug|Any CPU = Debug|Any CPU
		Release|Any CPU = Release|Any CPU
	EndGlobalSection
	GlobalSection(ProjectConfigurationPlatforms) = postSolution
		{DC87AACC-B488-4F4B-96C7-41D48ACA0EDC}.Debug|Any CPU.ActiveCfg = Debug|Any CPU
		{DC87AACC-B488-4F4B-96C7-41D48ACA0EDC}.Debug|Any CPU.Build.0 = Debug|Any CPU
		{DC87AACC-B488-4F4B-96C7-41D48ACA0EDC}.Release|Any CPU.ActiveCfg = Release|Any CPU
		{DC87AACC-B488-4F4B-96C7-41D48ACA0EDC}.Release|Any CPU.Build.0 = Release|Any CPU
		{22638200-6D0D-4C5B-87C4-16D939F6A10D}.Debug|Any CPU.ActiveCfg = Debug|Any CPU
		{22638200-6D0D-4C5B-87C4-16D939F6A10D}.Debug|Any CPU.Build.0 = Debug|Any CPU
		{22638200-6D0D-4C5B-87C4-16D939F6A10D}.Release|Any CPU.ActiveCfg = Release|Any CPU
		{22638200-6D0D-4C5B-87C4-16D939F6A10D}.Release|Any CPU.Build.0 = Release|Any CPU
	EndGlobalSection
	GlobalSection(SolutionProperties) = preSolution
		HideSolutionNode = FALSE
	EndGlobalSection
	GlobalSection(ExtensibilityGlobals) = postSolution
		SolutionGuid = {77B8549E-CBB5-4065-AA13-9EC060C279D0}
	EndGlobalSection
EndGlobal
